Microsoft Visual Studio Solution File, Format Version 12.00
# Visual Studio Version 17
VisualStudioVersion = 17.0.31903.59
MinimumVisualStudioVersion = 10.0.40219.1
Project("{5768141A-808C-469B-9FCA-ED5119C38484}") = "Project_d23ba3c4e71749379c10ba776d13ae46_20250601200320598643", "Project_d23ba3c4e71749379c10ba776d13ae46_20250601200320598643.csproj", "{5768141A-808C-469B-9FCA-ED5119C38484}"
EndProject
Global
    GlobalSection(SolutionConfigurationPlatforms) = preSolution
        Debug|Any CPU = Debug|Any CPU
        Release|Any CPU = Release|Any CPU
    EndGlobalSection
    GlobalSection(ProjectConfigurationPlatforms) = postSolution
        {5768141A-808C-469B-9FCA-ED5119C38484}.Debug|Any CPU.ActiveCfg = Debug|Any CPU
        {5768141A-808C-469B-9FCA-ED5119C38484}.Debug|Any CPU.Build.0 = Debug|Any CPU
        {5768141A-808C-469B-9FCA-ED5119C38484}.Release|Any CPU.ActiveCfg = Release|Any CPU
        {5768141A-808C-469B-9FCA-ED5119C38484}.Release|Any CPU.Build.0 = Release|Any CPU
    EndGlobalSection
EndGlobal